github.com/henomis/restclientgo v1.0.0 h1:Itix/QO0JKi0QzYbT2PRiXk8w0O+YKQe/7STsSDPils=
github.com/henomis/restclientgo v1.0.0/go.mod h1:xIeTCu2ZstvRn0fCukNpzXLN3m/kRTU0i0RwAbv7Zug=
github.com/henomis/restclientgo v1.0.1 h1:1Z5dyltPBDMEJ94h/UWGDGbcb49/r3QR1uuPtGaMU0I=
github.com/henomis/restclientgo v1.0.1/go.mod h1:xIeTCu2ZstvRn0fCukNpzXLN3m/kRTU0i0RwAbv7Zug=
github.com/henomis/restclientgo v1.0.2 h1:fmGP4SA7I/bD4O4cL0ZT4nSOcehqKpojzFm6IH1cUXA=
github.com/henomis/restclientgo v1.0.2/go.mod h1:xIeTCu2ZstvRn0fCukNpzXLN3m/kRTU0i0RwAbv7Zug=
